
Microsoft Visual Studio Solution File, Format Version 12.00
# Visual Studio 15
VisualStudioVersion = 15.0.26124.0
MinimumVisualStudioVersion = 15.0.26124.0
Project("{FAE04EC0-301F-11D3-BF4B-00C04F79EFBC}") = "Domain", "Domain\Domain.csproj", "{97408C3B-567D-45C3-B454-E6B65BB2D0C9}"
EndProject
Project("{FAE04EC0-301F-11D3-BF4B-00C04F79EFBC}") = "Application", "Application\Application.csproj", "{C0531C26-9241-4522-BBC1-81A947E8F2BE}"
EndProject
Project("{FAE04EC0-301F-11D3-BF4B-00C04F79EFBC}") = "Persistence", "Persistence\Persistence.csproj", "{FB59FFC9-4D49-4F7E-8743-4A83EACE5E73}"
EndProject
Project("{FAE04EC0-301F-11D3-BF4B-00C04F79EFBC}") = "API", "API\API.csproj", "{E1C8559F-987E-4A36-93BB-7F45F102B46B}"
EndProject
Global
	GlobalSection(SolutionConfigurationPlatforms) = preSolution
		Debug|Any CPU = Debug|Any CPU
		Debug|x64 = Debug|x64
		Debug|x86 = Debug|x86
		Release|Any CPU = Release|Any CPU
		Release|x64 = Release|x64
		Release|x86 = Release|x86
	EndGlobalSection
	GlobalSection(SolutionProperties) = preSolution
		HideSolutionNode = FALSE
	EndGlobalSection
	GlobalSection(ProjectConfigurationPlatforms) = postSolution
		{97408C3B-567D-45C3-B454-E6B65BB2D0C9}.Debug|Any CPU.ActiveCfg = Debug|Any CPU
		{97408C3B-567D-45C3-B454-E6B65BB2D0C9}.Debug|Any CPU.Build.0 = Debug|Any CPU
		{97408C3B-567D-45C3-B454-E6B65BB2D0C9}.Debug|x64.ActiveCfg = Debug|Any CPU
		{97408C3B-567D-45C3-B454-E6B65BB2D0C9}.Debug|x64.Build.0 = Debug|Any CPU
		{97408C3B-567D-45C3-B454-E6B65BB2D0C9}.Debug|x86.ActiveCfg = Debug|Any CPU
		{97408C3B-567D-45C3-B454-E6B65BB2D0C9}.Debug|x86.Build.0 = Debug|Any CPU
		{97408C3B-567D-45C3-B454-E6B65BB2D0C9}.Release|Any CPU.ActiveCfg = Release|Any CPU
		{97408C3B-567D-45C3-B454-E6B65BB2D0C9}.Release|Any CPU.Build.0 = Release|Any CPU
		{97408C3B-567D-45C3-B454-E6B65BB2D0C9}.Release|x64.ActiveCfg = Release|Any CPU
		{97408C3B-567D-45C3-B454-E6B65BB2D0C9}.Release|x64.Build.0 = Release|Any CPU
		{97408C3B-567D-45C3-B454-E6B65BB2D0C9}.Release|x86.ActiveCfg = Release|Any CPU
		{97408C3B-567D-45C3-B454-E6B65BB2D0C9}.Release|x86.Build.0 = Release|Any CPU
		{C0531C26-9241-4522-BBC1-81A947E8F2BE}.Debug|Any CPU.ActiveCfg = Debug|Any CPU
		{C0531C26-9241-4522-BBC1-81A947E8F2BE}.Debug|Any CPU.Build.0 = Debug|Any CPU
		{C0531C26-9241-4522-BBC1-81A947E8F2BE}.Debug|x64.ActiveCfg = Debug|Any CPU
		{C0531C26-9241-4522-BBC1-81A947E8F2BE}.Debug|x64.Build.0 = Debug|Any CPU
		{C0531C26-9241-4522-BBC1-81A947E8F2BE}.Debug|x86.ActiveCfg = Debug|Any CPU
		{C0531C26-9241-4522-BBC1-81A947E8F2BE}.Debug|x86.Build.0 = Debug|Any CPU
		{C0531C26-9241-4522-BBC1-81A947E8F2BE}.Release|Any CPU.ActiveCfg = Release|Any CPU
		{C0531C26-9241-4522-BBC1-81A947E8F2BE}.Release|Any CPU.Build.0 = Release|Any CPU
		{C0531C26-9241-4522-BBC1-81A947E8F2BE}.Release|x64.ActiveCfg = Release|Any CPU
		{C0531C26-9241-4522-BBC1-81A947E8F2BE}.Release|x64.Build.0 = Release|Any CPU
		{C0531C26-9241-4522-BBC1-81A947E8F2BE}.Release|x86.ActiveCfg = Release|Any CPU
		{C0531C26-9241-4522-BBC1-81A947E8F2BE}.Release|x86.Build.0 = Release|Any CPU
		{FB59FFC9-4D49-4F7E-8743-4A83EACE5E73}.Debug|Any CPU.ActiveCfg = Debug|Any CPU
		{FB59FFC9-4D49-4F7E-8743-4A83EACE5E73}.Debug|Any CPU.Build.0 = Debug|Any CPU
		{FB59FFC9-4D49-4F7E-8743-4A83EACE5E73}.Debug|x64.ActiveCfg = Debug|Any CPU
		{FB59FFC9-4D49-4F7E-8743-4A83EACE5E73}.Debug|x64.Build.0 = Debug|Any CPU
		{FB59FFC9-4D49-4F7E-8743-4A83EACE5E73}.Debug|x86.ActiveCfg = Debug|Any CPU
		{FB59FFC9-4D49-4F7E-8743-4A83EACE5E73}.Debug|x86.Build.0 = Debug|Any CPU
		{FB59FFC9-4D49-4F7E-8743-4A83EACE5E73}.Release|Any CPU.ActiveCfg = Release|Any CPU
		{FB59FFC9-4D49-4F7E-8743-4A83EACE5E73}.Release|Any CPU.Build.0 = Release|Any CPU
		{FB59FFC9-4D49-4F7E-8743-4A83EACE5E73}.Release|x64.ActiveCfg = Release|Any CPU
		{FB59FFC9-4D49-4F7E-8743-4A83EACE5E73}.Release|x64.Build.0 = Release|Any CPU
		{FB59FFC9-4D49-4F7E-8743-4A83EACE5E73}.Release|x86.ActiveCfg = Release|Any CPU
		{FB59FFC9-4D49-4F7E-8743-4A83EACE5E73}.Release|x86.Build.0 = Release|Any CPU
		{E1C8559F-987E-4A36-93BB-7F45F102B46B}.Debug|Any CPU.ActiveCfg = Debug|Any CPU
		{E1C8559F-987E-4A36-93BB-7F45F102B46B}.Debug|Any CPU.Build.0 = Debug|Any CPU
		{E1C8559F-987E-4A36-93BB-7F45F102B46B}.Debug|x64.ActiveCfg = Debug|Any CPU
		{E1C8559F-987E-4A36-93BB-7F45F102B46B}.Debug|x64.Build.0 = Debug|Any CPU
		{E1C8559F-987E-4A36-93BB-7F45F102B46B}.Debug|x86.ActiveCfg = Debug|Any CPU
		{E1C8559F-987E-4A36-93BB-7F45F102B46B}.Debug|x86.Build.0 = Debug|Any CPU
		{E1C8559F-987E-4A36-93BB-7F45F102B46B}.Release|Any CPU.ActiveCfg = Release|Any CPU
		{E1C8559F-987E-4A36-93BB-7F45F102B46B}.Release|Any CPU.Build.0 = Release|Any CPU
		{E1C8559F-987E-4A36-93BB-7F45F102B46B}.Release|x64.ActiveCfg = Release|Any CPU
		{E1C8559F-987E-4A36-93BB-7F45F102B46B}.Release|x64.Build.0 = Release|Any CPU
		{E1C8559F-987E-4A36-93BB-7F45F102B46B}.Release|x86.ActiveCfg = Release|Any CPU
		{E1C8559F-987E-4A36-93BB-7F45F102B46B}.Release|x86.Build.0 = Release|Any CPU
	EndGlobalSection
EndGlobal
